PODS:
  - Flutter (1.0.0)
  - meedu_player (0.3.4):
    - Flutter
  - responsive_navigation_bar (0.0.1):
    - Flutter
  - video_player (0.0.1):
    - Flutter
  - wakelock (0.0.1):
    - Flutter

DEPENDENCIES:
  - Flutter (from `Flutter`)
  - meedu_player (from `.symlinks/plugins/meedu_player/ios`)
  - responsive_navigation_bar (from `.symlinks/plugins/responsive_navigation_bar/ios`)
  - video_player (from `.symlinks/plugins/video_player/ios`)
  - wakelock (from `.symlinks/plugins/wakelock/ios`)

EXTERNAL SOURCES:
  Flutter:
    :path: Flutter
  meedu_player:
    :path: ".symlinks/plugins/meedu_player/ios"
  responsive_navigation_bar:
    :path: ".symlinks/plugins/responsive_navigation_bar/ios"
  video_player:
    :path: ".symlinks/plugins/video_player/ios"
  wakelock:
    :path: ".symlinks/plugins/wakelock/ios"

SPEC CHECKSUMS:
  Flutter: 434fef37c0980e73bb6479ef766c45957d4b510c
  meedu_player: 443190e5cf1247367384643b594defbffc094b81
  responsive_navigation_bar: 41845ac546fe6b18a9fa0a4432022f8fc98d1cd8
  video_player: 9cc823b1d9da7e8427ee591e8438bfbcde500e6e
  wakelock: d0fc7c864128eac40eba1617cb5264d9c940b46f

PODFILE CHECKSUM: aafe91acc616949ddb318b77800a7f51bffa2a4c

COCOAPODS: 1.10.1
